
Microsoft Visual Studio Solution File, Format Version 12.00
# Visual Studio 15
VisualStudioVersion = 15.0.27428.2015
MinimumVisualStudioVersion = 10.0.40219.1
Project("{FAE04EC0-301F-11D3-BF4B-00C04F79EFBC}") = "ExpressionTrees", "ExpressionTrees\ExpressionTrees.csproj", "{89F4442A-B5D1-49FE-8535-D88C95D1CE7D}"
EndProject
Global
	GlobalSection(SolutionConfigurationPlatforms) = preSolution
		Debug|Any CPU = Debug|Any CPU
		Release|Any CPU = Release|Any CPU
	EndGlobalSection
	GlobalSection(ProjectConfigurationPlatforms) = postSolution
		{89F4442A-B5D1-49FE-8535-D88C95D1CE7D}.Debug|Any CPU.ActiveCfg = Debug|Any CPU
		{89F4442A-B5D1-49FE-8535-D88C95D1CE7D}.Debug|Any CPU.Build.0 = Debug|Any CPU
		{89F4442A-B5D1-49FE-8535-D88C95D1CE7D}.Release|Any CPU.ActiveCfg = Release|Any CPU
		{89F4442A-B5D1-49FE-8535-D88C95D1CE7D}.Release|Any CPU.Build.0 = Release|Any CPU
	EndGlobalSection
	GlobalSection(SolutionProperties) = preSolution
		HideSolutionNode = FALSE
	EndGlobalSection
	GlobalSection(ExtensibilityGlobals) = postSolution
		SolutionGuid = {C719FD85-5DC4-473B-A7A0-03840AA415E1}
	EndGlobalSection
EndGlobal
